
Microsoft Visual Studio Solution File, Format Version 12.00
# Visual Studio Version 17
VisualStudioVersion = 17.8.34322.80
MinimumVisualStudioVersion = 10.0.40219.1
Project("{9A19103F-16F7-4668-BE54-9A1E7A4F7556}") = "InsuranceManagementSystem", "InsuranceManagementSystem\InsuranceManagementSystem.csproj", "{C98A4AFD-1E4A-495C-AF1E-1019B951A563}"
EndProject
Global
	GlobalSection(SolutionConfigurationPlatforms) = preSolution
		Debug|Any CPU = Debug|Any CPU
		Release|Any CPU = Release|Any CPU
	EndGlobalSection
	GlobalSection(ProjectConfigurationPlatforms) = postSolution
		{C98A4AFD-1E4A-495C-AF1E-1019B951A563}.Debug|Any CPU.ActiveCfg = Debug|Any CPU
		{C98A4AFD-1E4A-495C-AF1E-1019B951A563}.Debug|Any CPU.Build.0 = Debug|Any CPU
		{C98A4AFD-1E4A-495C-AF1E-1019B951A563}.Release|Any CPU.ActiveCfg = Release|Any CPU
		{C98A4AFD-1E4A-495C-AF1E-1019B951A563}.Release|Any CPU.Build.0 = Release|Any CPU
	EndGlobalSection
	GlobalSection(SolutionProperties) = preSolution
		HideSolutionNode = FALSE
	EndGlobalSection
	GlobalSection(ExtensibilityGlobals) = postSolution
		SolutionGuid = {55B18525-AE81-468F-B5D6-F457BF2AB2B4}
	EndGlobalSection
EndGlobal
